
Microsoft Visual Studio Solution File, Format Version 12.00
# Visual Studio Version 17
VisualStudioVersion = 17.8.34525.116
MinimumVisualStudioVersion = 10.0.40219.1
Project("{FAE04EC0-301F-11D3-BF4B-00C04F79EFBC}") = "SortedDictionaryApp", "SortedDictionaryApp\SortedDictionaryApp.csproj", "{C48753DE-AA34-4D47-9683-005056D3E1A1}"
EndProject
Global
	GlobalSection(SolutionConfigurationPlatforms) = preSolution
		Debug|Any CPU = Debug|Any CPU
		Release|Any CPU = Release|Any CPU
	EndGlobalSection
	GlobalSection(ProjectConfigurationPlatforms) = postSolution
		{C48753DE-AA34-4D47-9683-005056D3E1A1}.Debug|Any CPU.ActiveCfg = Debug|Any CPU
		{C48753DE-AA34-4D47-9683-005056D3E1A1}.Debug|Any CPU.Build.0 = Debug|Any CPU
		{C48753DE-AA34-4D47-9683-005056D3E1A1}.Release|Any CPU.ActiveCfg = Release|Any CPU
		{C48753DE-AA34-4D47-9683-005056D3E1A1}.Release|Any CPU.Build.0 = Release|Any CPU
	EndGlobalSection
	GlobalSection(SolutionProperties) = preSolution
		HideSolutionNode = FALSE
	EndGlobalSection
	GlobalSection(ExtensibilityGlobals) = postSolution
		SolutionGuid = {CF188F1F-2A74-4356-BAA2-D46661DCEF74}
	EndGlobalSection
EndGlobal
